{
  "meteor": {},
  "dependencies": {
    "basePackages": {
      "iron-router": {},
      "bootstrap-3": {},
      "roles": {},
      "autoform": {},
      "fastclick": {},
      "collection2": {},
      "inspector": {},
      "nprogress": {},
      "font-awesome": {},
      "accounts-entry": {},
      "percolatestudio-mixpanel": {},
      "impicker": {},
      "pickadate": {
        "git": "https://github.com/patrickleet/meteor-pickadate.git",
        "branch": "master"
      },
      "geocoder": {},
      "migrations": {},
      "googlemaps": {},
      "tags": {
        "git": "https://github.com/apendua/meteor-tags.git",
        "branch": "simple-ui"
      },
      "selectize": {}
    },
    "packages": {
      "iron-router": {
        "git": "https://github.com/EventedMind/iron-router.git",
        "tag": "v0.7.1",
        "commit": "d1ffb3f06ea4c112132b030f2eb1a70b81675ecb"
      },
      "bootstrap-3": {
        "git": "https://github.com/mangasocial/meteor-bootstrap-3.git",
        "tag": "v3.1.1-1",
        "commit": "63dd38968828bb8963636df93e9a1c45e2dfe67e"
      },
      "roles": {
        "git": "https://github.com/alanning/meteor-roles.git",
        "tag": "v1.2.9",
        "commit": "969b17fac5dfec66b6b12bfce4e37471d1a241d4"
      },
      "autoform": {
        "git": "https://github.com/aldeed/meteor-autoform.git",
        "tag": "v0.11.0",
        "commit": "efdffcdf836a45c50c39696ede15399177ccb9fa"
      },
      "fastclick": {
        "git": "https://github.com/percolatestudio/meteor-fastclick",
        "tag": "v0.6.7",
        "commit": "fcb3bfd34d9f6874e626b4e24e8f54107938db41"
      },
      "collection2": {
        "git": "https://github.com/aldeed/meteor-collection2.git",
        "tag": "v0.4.1",
        "commit": "a9ffc9b285c3af8ad631f9cda4851b0ffc30c5ce"
      },
      "inspector": {
        "git": "https://github.com/broth-eu/meteor-inspector.git",
        "tag": "v0.2.2",
        "commit": "d3e5e4a760133f8d97b6457befc6e8ea1b42a010"
      },
      "nprogress": {
        "git": "https://github.com/zhouzhuojie/meteor-nprogress.git",
        "tag": "v0.0.4",
        "commit": "8333206b751a24fac1fbd1b03fa37621bcefe50c"
      },
      "font-awesome": {
        "git": "https://github.com/nate-strauser/meteor-font-awesome.git",
        "tag": "v4.1.0",
        "commit": "ce6b1e92715d1938babc5d69c655c17e387f5926"
      },
      "accounts-entry": {
        "git": "https://github.com/Differential/accounts-entry.git",
        "tag": "v0.7.3",
        "commit": "7facaa045d3720eeeba3420c28e48d5709188fe3"
      },
      "percolatestudio-mixpanel": {
        "git": "https://github.com/percolatestudio/meteor-mixpanel.git",
        "tag": "v0.5.0",
        "commit": "d92c8fd6c0504d3f1c195cf972354ab2e81b4e20"
      },
      "impicker": {
        "git": "https://github.com/wulx/impicker.git",
        "tag": "v1.2.0",
        "commit": "29a7a52d27b2cf8447fc24946b0fdbf60c4b12a6"
      },
      "pickadate": {
        "git": "https://github.com/patrickleet/meteor-pickadate.git",
        "branch": "master",
        "commit": "5158805cbe4fa2d116a851964d2cdf1459524156"
      },
      "geocoder": {
        "git": "https://github.com/aldeed/meteor-geocoder.git",
        "tag": "v0.2.0",
        "commit": "788b7eb97b3a481ca1d298bc2849fa6b624412f9"
      },
      "migrations": {
        "git": "https://github.com/rantav/meteor-migrations.git",
        "tag": "v0.0.2",
        "commit": "4e75c06b8e94961567765c4dea20a007816ad274"
      },
      "googlemaps": {
        "git": "https://github.com/drewjw81/meteor-googlemaps.git",
        "tag": "v0.0.2",
        "commit": "da8785c82cfd7de0111f898ef10728e7ed24e361"
      },
      "tags": {
        "git": "https://github.com/apendua/meteor-tags.git",
        "branch": "simple-ui",
        "commit": "e0919b349128ed5bcf00996c4f3d494879bebe9a"
      },
      "selectize": {
        "git": "https://github.com/andrewreedy/meteor-selectize.git",
        "tag": "v0.0.1",
        "commit": "2bf47922a6b964ca58ad58cfa0e92c9cf9ea8be3"
      },
      "blaze-layout": {
        "git": "https://github.com/EventedMind/blaze-layout.git",
        "tag": "v0.2.4",
        "commit": "b40e9b0612329288d75cf52ad14a7da64bb8618f"
      },
      "simple-schema": {
        "git": "https://github.com/aldeed/meteor-simple-schema.git",
        "tag": "v0.5.1",
        "commit": "a29956b34d03a4591dbd0eaed9d37009ef48b8db"
      },
      "moment": {
        "git": "https://github.com/acreeger/meteor-moment.git",
        "tag": "v2.6.0",
        "commit": "26156df681750fd6e6ed77043eef32b6653ebbdf"
      },
      "accounts-t9n": {
        "git": "https://github.com/softwarerero/meteor-accounts-t9n.git",
        "tag": "v0.0.5",
        "commit": "ad9539a8818049d5d9fa050d8b2a1f62706483b1"
      }
    }
  }
}
