{
  "meteor": {},
  "dependencies": {
    "basePackages": {
      "pickadate": {
        "git": "https://github.com/patrickleet/meteor-pickadate.git",
        "branch": "master"
      },
      "plus-more-icons": {
        "git": "https://github.com/PlusMore/plus-more-icons.git",
        "tag": "v1.1"
      },
      "tags": {
        "git": "https://github.com/patrickleet/meteor-tags.git",
        "tag": "v1.3"
      }
    },
    "packages": {
      "pickadate": {
        "git": "https://github.com/patrickleet/meteor-pickadate.git",
        "branch": "master",
        "commit": "5158805cbe4fa2d116a851964d2cdf1459524156"
      },
      "plus-more-icons": {
        "git": "https://github.com/PlusMore/plus-more-icons.git",
        "tag": "v1.1",
        "commit": "7731481318f52ecbecedbee106eaf9162762c527"
      },
      "tags": {
        "git": "https://github.com/patrickleet/meteor-tags.git",
        "tag": "v1.3",
        "commit": "909efb275c640ef38ef70e39df3a9b119e453728"
      }
    }
  }
}
